Microsoft Visual Studio Solution File, Format Version 12.00
# Visual Studio 15
VisualStudioVersion = 15.0.27130.2010
MinimumVisualStudioVersion = 10.0.40219.1
Project("{FAE04EC0-301F-11D3-BF4B-00C04F79EFBC}") = "Azure.Storage.Table.GetAzureTable", "Azure.Storage.Table.GetAzureTable\Azure.Storage.Table.GetAzureTable.csproj", "{F26583FC-F265-83FC-F265-83FCF26583FC}"
EndProject
Global
	GlobalSection(SolutionConfigurationPlatforms) = preSolution
		Debug|Any CPU = Debug|Any CPU
		Release|Any CPU = Release|Any CPU
	EndGlobalSection
	GlobalSection(ProjectConfigurationPlatforms) = postSolution
		{F26583FC-F265-83FC-F265-83FCF26583FC}.Debug|Any CPU.ActiveCfg = Debug|Any CPU
		{F26583FC-F265-83FC-F265-83FCF26583FC}.Debug|Any CPU.Build.0 = Debug|Any CPU
		{F26583FC-F265-83FC-F265-83FCF26583FC}.Release|Any CPU.ActiveCfg = Release|Any CPU
		{F26583FC-F265-83FC-F265-83FCF26583FC}.Release|Any CPU.Build.0 = Release|Any CPU
	EndGlobalSection
	GlobalSection(SolutionProperties) = preSolution
		HideSolutionNode = FALSE
	EndGlobalSection
	GlobalSection(ExtensibilityGlobals) = preSolution
		SolutionGuid = {A5483840-A548-3840-A548-3840A5483840}
	EndGlobalSection
EndGlobal

